
Microsoft Visual Studio Solution File, Format Version 12.00
# Visual Studio 15
VisualStudioVersion = 15.0.27130.2036
MinimumVisualStudioVersion = 10.0.40219.1
Project("{FAE04EC0-301F-11D3-BF4B-00C04F79EFBC}") = "Workflow", "Workflow\Workflow.csproj", "{C16349CB-04C0-4319-AA8F-14C43548E57D}"
EndProject
Project("{FAE04EC0-301F-11D3-BF4B-00C04F79EFBC}") = "Workflow.Site", "Workflow.Site\Workflow.Site.csproj", "{000940BB-7FCA-4770-ADAD-3F2EF2A5FB24}"
	ProjectSection(ProjectDependencies) = postProject
		{21A46292-3291-4474-8EE3-88F8AF433C71} = {21A46292-3291-4474-8EE3-88F8AF433C71}
		{C16349CB-04C0-4319-AA8F-14C43548E57D} = {C16349CB-04C0-4319-AA8F-14C43548E57D}
	EndProjectSection
EndProject
Project("{2150E333-8FDC-42A3-9474-1A3956D46DE8}") = "Solution Items", "Solution Items", "{02C2A51F-CDF0-4C5A-8AA1-6A9FD4D3DE6E}"
	ProjectSection(SolutionItems) = preProject
		.gitignore = .gitignore
		appveyor.yml = appveyor.yml
		README.md = README.md
	EndProjectSection
EndProject
Project("{FAE04EC0-301F-11D3-BF4B-00C04F79EFBC}") = "Workflow.Tests", "Workflow.Tests\Workflow.Tests.csproj", "{21A46292-3291-4474-8EE3-88F8AF433C71}"
EndProject
Global
	GlobalSection(SolutionConfigurationPlatforms) = preSolution
		Debug|Any CPU = Debug|Any CPU
		Release|Any CPU = Release|Any CPU
	EndGlobalSection
	GlobalSection(ProjectConfigurationPlatforms) = postSolution
		{C16349CB-04C0-4319-AA8F-14C43548E57D}.Debug|Any CPU.ActiveCfg = Debug|Any CPU
		{C16349CB-04C0-4319-AA8F-14C43548E57D}.Debug|Any CPU.Build.0 = Debug|Any CPU
		{C16349CB-04C0-4319-AA8F-14C43548E57D}.Release|Any CPU.ActiveCfg = Release|Any CPU
		{C16349CB-04C0-4319-AA8F-14C43548E57D}.Release|Any CPU.Build.0 = Release|Any CPU
		{000940BB-7FCA-4770-ADAD-3F2EF2A5FB24}.Debug|Any CPU.ActiveCfg = Debug|Any CPU
		{000940BB-7FCA-4770-ADAD-3F2EF2A5FB24}.Debug|Any CPU.Build.0 = Debug|Any CPU
		{000940BB-7FCA-4770-ADAD-3F2EF2A5FB24}.Release|Any CPU.ActiveCfg = Release|Any CPU
		{000940BB-7FCA-4770-ADAD-3F2EF2A5FB24}.Release|Any CPU.Build.0 = Release|Any CPU
		{21A46292-3291-4474-8EE3-88F8AF433C71}.Debug|Any CPU.ActiveCfg = Debug|Any CPU
		{21A46292-3291-4474-8EE3-88F8AF433C71}.Debug|Any CPU.Build.0 = Debug|Any CPU
		{21A46292-3291-4474-8EE3-88F8AF433C71}.Release|Any CPU.ActiveCfg = Release|Any CPU
		{21A46292-3291-4474-8EE3-88F8AF433C71}.Release|Any CPU.Build.0 = Release|Any CPU
	EndGlobalSection
	GlobalSection(SolutionProperties) = preSolution
		HideSolutionNode = FALSE
	EndGlobalSection
	GlobalSection(ExtensibilityGlobals) = postSolution
		SolutionGuid = {6B84242F-4CE0-4F5A-8D2D-5095C2DFD825}
	EndGlobalSection
EndGlobal
